<?xml version="1.0" encoding="utf-8"?>
<Project ToolsVersion="4.0" xmlns="http://schemas.microsoft.com/developer/msbuild/2003">
  <ItemGroup>
    <Filter Include="Source Files">
      <UniqueIdentifier>{4FC737F1-C7A5-4376-A066-2A32D752A2FF}</UniqueIdentifier>
      <Extensions>cpp;c;cc;cxx;def;odl;idl;hpj;bat;asm;asmx</Extensions>
    </Filter>
    <Filter Include="Precompiled Header">
      <UniqueIdentifier>{93995380-89BD-4b04-88EB-625FBE52EBFB}</UniqueIdentifier>
      <Extensions>h;hh;hpp;hxx;hm;inl;inc;xsd</Extensions>
    </Filter>
    <Filter Include="Source Files\Server">
      <UniqueIdentifier>{822ddb4e-8d7d-49a7-9f91-df9922731b96}</UniqueIdentifier>
    </Filter>
    <Filter Include="Source Files\Client">
      <UniqueIdentifier>{eaaa6103-22ea-4364-82b0-81222b85d500}</UniqueIdentifier>
    </Filter>
    <Filter Include="Source Files\Messenger">
      <UniqueIdentifier>{45463bd9-0ee1-4b17-86d8-3a34ad95d51b}</UniqueIdentifier>
    </Filter>
    <Filter Include="Source Files\Echoer">
      <UniqueIdentifier>{30195839-d122-46de-9020-cadc657b359a}</UniqueIdentifier>
    </Filter>
    <Filter Include="Source Files\Logger">
      <UniqueIdentifier>{04293c14-4281-4002-9069-8cf5541c4e83}</UniqueIdentifier>
    </Filter>
  </ItemGroup>
  <ItemGroup>
    <ClInclude Include="stdafx.h">
      <Filter>Precompiled Header</Filter>
    </ClInclude>
    <ClInclude Include="targetver.h">
      <Filter>Precompiled Header</Filter>
    </ClInclude>
    <ClInclude Include="EchoServer.h">
      <Filter>Source Files\Server</Filter>
    </ClInclude>
    <ClInclude Include="EchoClient.h">
      <Filter>Source Files\Client</Filter>
    </ClInclude>
    <ClInclude Include="EchoConnection.h">
      <Filter>Source Files\Server</Filter>
    </ClInclude>
    <ClInclude Include="Message.h">
      <Filter>Source Files\Messenger</Filter>
    </ClInclude>
    <ClInclude Include="Echoer.h">
      <Filter>Source Files\Echoer</Filter>
    </ClInclude>
    <ClInclude Include="Logger.h">
      <Filter>Source Files\Logger</Filter>
    </ClInclude>
    <ClInclude Include="Messenger.h">
      <Filter>Source Files\Messenger</Filter>
    </ClInclude>
    <ClInclude Include="Profiler.h">
      <Filter>Source Files\Server</Filter>
    </ClInclude>
  </ItemGroup>
  <ItemGroup>
    <ClCompile Include="stdafx.cpp">
      <Filter>Precompiled Header</Filter>
    </ClCompile>
    <ClCompile Include="EchoServer.cpp">
      <Filter>Source Files\Server</Filter>
    </ClCompile>
    <ClCompile Include="EchoClient.cpp">
      <Filter>Source Files\Client</Filter>
    </ClCompile>
    <ClCompile Include="Main.cpp">
      <Filter>Source Files</Filter>
    </ClCompile>
    <ClCompile Include="EchoConnection.cpp">
      <Filter>Source Files\Server</Filter>
    </ClCompile>
    <ClCompile Include="Logger.cpp">
      <Filter>Source Files\Logger</Filter>
    </ClCompile>
    <ClCompile Include="Messenger.cpp">
      <Filter>Source Files\Messenger</Filter>
    </ClCompile>
    <ClCompile Include="Profiler.cpp">
      <Filter>Source Files\Server</Filter>
    </ClCompile>
  </ItemGroup>
</Project>